{
  "name": "squarecrypto-vuepress-devkit-theme",
  "version": "1.0.0",
  "lockfileVersion": 2,
  "requires": true,
  "packages": {
    "": {
      "name": "squarecrypto-vuepress-devkit-theme",
      "version": "1.0.0",
      "license": "UNLICENSED",
      "dependencies": {
        "@vuepress/plugin-search": "1.8.2"
      }
    },
    "node_modules/@vuepress/plugin-search": {
      "version": "1.8.2",
      "resolved": "https://registry.npmjs.org/@vuepress/plugin-search/-/plugin-search-1.8.2.tgz",
      "integrity": "sha512-JrSJr9o0Kar14lVtZ4wfw39pplxvvMh8vDBD9oW09a+6Zi/4bySPGdcdaqdqGW+OHSiZNvG+6uyfKSBBBqF6PA==",
      "license": "MIT"
    }
  },
  "dependencies": {
    "@vuepress/plugin-search": {
      "version": "1.8.2",
      "resolved": "https://registry.npmjs.org/@vuepress/plugin-search/-/plugin-search-1.8.2.tgz",
      "integrity": "sha512-JrSJr9o0Kar14lVtZ4wfw39pplxvvMh8vDBD9oW09a+6Zi/4bySPGdcdaqdqGW+OHSiZNvG+6uyfKSBBBqF6PA=="
    }
  }
}
